
Microsoft Visual Studio Solution File, Format Version 12.00
# Visual Studio 15
VisualStudioVersion = 15.0.28010.2046
MinimumVisualStudioVersion = 10.0.40219.1
Project("{888888A0-9F3D-457C-B088-3A5042F75D52}") = "SMO", "SMO\SMO.pyproj", "{BC1E9E77-1C95-4459-81CB-C03138D723E3}"
EndProject
Global
	GlobalSection(SolutionConfigurationPlatforms) = preSolution
		Debug|Any CPU = Debug|Any CPU
		Release|Any CPU = Release|Any CPU
	EndGlobalSection
	GlobalSection(ProjectConfigurationPlatforms) = postSolution
		{BC1E9E77-1C95-4459-81CB-C03138D723E3}.Debug|Any CPU.ActiveCfg = Debug|Any CPU
		{BC1E9E77-1C95-4459-81CB-C03138D723E3}.Release|Any CPU.ActiveCfg = Release|Any CPU
	EndGlobalSection
	GlobalSection(SolutionProperties) = preSolution
		HideSolutionNode = FALSE
	EndGlobalSection
	GlobalSection(ExtensibilityGlobals) = postSolution
		SolutionGuid = {C76F4071-D689-4EA5-8AE4-CA39F3610390}
	EndGlobalSection
EndGlobal
